// !$*UTF8*$!
{
	archiveVersion = 1;
	classes = {
	};
	objectVersion = 48;
	objects = {

/* Begin PBXBuildFile section */
		FB04E37C1FC8EEB80001A19B /* MDCFullScreenDetector.m in Sources */ = {isa = PBXBuildFile; fileRef = FB04E37B1FC8EEB80001A19B /* MDCFullScreenDetector.m */; };
		FB0B1766200186A600428695 /* AYProgressIndicator.m in Sources */ = {isa = PBXBuildFile; fileRef = FB0B1765200186A500428695 /* AYProgressIndicator.m */; };
		FB0B1773200186BE00428695 /* Volume1_blk.png in Resources */ = {isa = PBXBuildFile; fileRef = FB0B1767200186BC00428695 /* Volume1_blk.png */; };
		FB0B1774200186BE00428695 /* keyboard_icon_blk.png in Resources */ = {isa = PBXBuildFile; fileRef = FB0B1768200186BC00428695 /* keyboard_icon_blk.png */; };
		FB0B1775200186BE00428695 /* Volume2.png in Resources */ = {isa = PBXBuildFile; fileRef = FB0B1769200186BC00428695 /* Volume2.png */; };
		FB0B1776200186BE00428695 /* Volume3.png in Resources */ = {isa = PBXBuildFile; fileRef = FB0B176A200186BC00428695 /* Volume3.png */; };
		FB0B1777200186BE00428695 /* keyboard_icon.png in Resources */ = {isa = PBXBuildFile; fileRef = FB0B176B200186BC00428695 /* keyboard_icon.png */; };
		FB0B1778200186BE00428695 /* Volume2_blk.png in Resources */ = {isa = PBXBuildFile; fileRef = FB0B176C200186BD00428695 /* Volume2_blk.png */; };
		FB0B1779200186BE00428695 /* Volume3_blk.png in Resources */ = {isa = PBXBuildFile; fileRef = FB0B176D200186BD00428695 /* Volume3_blk.png */; };
		FB0B177A200186BE00428695 /* Volume4_blk.png in Resources */ = {isa = PBXBuildFile; fileRef = FB0B176E200186BD00428695 /* Volume4_blk.png */; };
		FB0B177B200186BE00428695 /* Volume1.png in Resources */ = {isa = PBXBuildFile; fileRef = FB0B176F200186BD00428695 /* Volume1.png */; };
		FB0B177C200186BE00428695 /* Volume4.png in Resources */ = {isa = PBXBuildFile; fileRef = FB0B1770200186BD00428695 /* Volume4.png */; };
		FB0B177D200186BE00428695 /* display_icon.png in Resources */ = {isa = PBXBuildFile; fileRef = FB0B1771200186BE00428695 /* display_icon.png */; };
		FB0B177E200186BE00428695 /* display_icon_blk.png in Resources */ = {isa = PBXBuildFile; fileRef = FB0B1772200186BE00428695 /* display_icon_blk.png */; };
		FB1F547E1FC8A432001167C2 /* AppDelegate.m in Sources */ = {isa = PBXBuildFile; fileRef = FB1F547D1FC8A432001167C2 /* AppDelegate.m */; };
		FB1F54801FC8A432001167C2 /* Assets.xcassets in Resources */ = {isa = PBXBuildFile; fileRef = FB1F547F1FC8A432001167C2 /* Assets.xcassets */; };
		FB1F54831FC8A432001167C2 /* MainMenu.xib in Resources */ = {isa = PBXBuildFile; fileRef = FB1F54811FC8A432001167C2 /* MainMenu.xib */; };
		FB1F54861FC8A432001167C2 /* main.m in Sources */ = {isa = PBXBuildFile; fileRef = FB1F54851FC8A432001167C2 /* main.m */; };
/* End PBXBuildFile section */

/* Begin PBXFileReference section */
		FB04E37A1FC8EEB80001A19B /* MDCFullScreenDetector.h */ = {isa = PBXFileReference; fileEncoding = 4; lastKnownFileType = sourcecode.c.h; path = MDCFullScreenDetector.h; sourceTree = "<group>"; };
		FB04E37B1FC8EEB80001A19B /* MDCFullScreenDetector.m */ = {isa = PBXFileReference; fileEncoding = 4; lastKnownFileType = sourcecode.c.objc; path = MDCFullScreenDetector.m; sourceTree = "<group>"; };
		FB0B1764200186A500428695 /* AYProgressIndicator.h */ = {isa = PBXFileReference; fileEncoding = 4; lastKnownFileType = sourcecode.c.h; path = AYProgressIndicator.h; sourceTree = "<group>"; };
		FB0B1765200186A500428695 /* AYProgressIndicator.m */ = {isa = PBXFileReference; fileEncoding = 4; lastKnownFileType = sourcecode.c.objc; path = AYProgressIndicator.m; sourceTree = "<group>"; };
		FB0B1767200186BC00428695 /* Volume1_blk.png */ = {isa = PBXFileReference; lastKnownFileType = image.png; path = Volume1_blk.png; sourceTree = "<group>"; };
		FB0B1768200186BC00428695 /* keyboard_icon_blk.png */ = {isa = PBXFileReference; lastKnownFileType = image.png; path = keyboard_icon_blk.png; sourceTree = "<group>"; };
		FB0B1769200186BC00428695 /* Volume2.png */ = {isa = PBXFileReference; lastKnownFileType = image.png; path = Volume2.png; sourceTree = "<group>"; };
		FB0B176A200186BC00428695 /* Volume3.png */ = {isa = PBXFileReference; lastKnownFileType = image.png; path = Volume3.png; sourceTree = "<group>"; };
		FB0B176B200186BC00428695 /* keyboard_icon.png */ = {isa = PBXFileReference; lastKnownFileType = image.png; path = keyboard_icon.png; sourceTree = "<group>"; };
		FB0B176C200186BD00428695 /* Volume2_blk.png */ = {isa = PBXFileReference; lastKnownFileType = image.png; path = Volume2_blk.png; sourceTree = "<group>"; };
		FB0B176D200186BD00428695 /* Volume3_blk.png */ = {isa = PBXFileReference; lastKnownFileType = image.png; path = Volume3_blk.png; sourceTree = "<group>"; };
		FB0B176E200186BD00428695 /* Volume4_blk.png */ = {isa = PBXFileReference; lastKnownFileType = image.png; path = Volume4_blk.png; sourceTree = "<group>"; };
		FB0B176F200186BD00428695 /* Volume1.png */ = {isa = PBXFileReference; lastKnownFileType = image.png; path = Volume1.png; sourceTree = "<group>"; };
		FB0B1770200186BD00428695 /* Volume4.png */ = {isa = PBXFileReference; lastKnownFileType = image.png; path = Volume4.png; sourceTree = "<group>"; };
		FB0B1771200186BE00428695 /* display_icon.png */ = {isa = PBXFileReference; lastKnownFileType = image.png; path = display_icon.png; sourceTree = "<group>"; };
		FB0B1772200186BE00428695 /* display_icon_blk.png */ = {isa = PBXFileReference; lastKnownFileType = image.png; path = display_icon_blk.png; sourceTree = "<group>"; };
		FB1F54791FC8A432001167C2 /* testAPP.app */ = {isa = PBXFileReference; explicitFileType = wrapper.application; includeInIndex = 0; path = testAPP.app; sourceTree = BUILT_PRODUCTS_DIR; };
		FB1F547D1FC8A432001167C2 /* AppDelegate.m */ = {isa = PBXFileReference; lastKnownFileType = sourcecode.c.objc; path = AppDelegate.m; sourceTree = "<group>"; };
		FB1F547F1FC8A432001167C2 /* Assets.xcassets */ = {isa = PBXFileReference; lastKnownFileType = folder.assetcatalog; path = Assets.xcassets; sourceTree = "<group>"; };
		FB1F54821FC8A432001167C2 /* Base */ = {isa = PBXFileReference; lastKnownFileType = file.xib; name = Base; path = Base.lproj/MainMenu.xib; sourceTree = "<group>"; };
		FB1F54841FC8A432001167C2 /* Info.plist */ = {isa = PBXFileReference; lastKnownFileType = text.plist.xml; path = Info.plist; sourceTree = "<group>"; };
		FB1F54851FC8A432001167C2 /* main.m */ = {isa = PBXFileReference; lastKnownFileType = sourcecode.c.objc; path = main.m; sourceTree = "<group>"; };
/* End PBXFileReference section */

/* Begin PBXFrameworksBuildPhase section */
		FB1F54761FC8A432001167C2 /* Frameworks */ = {
			isa = PBXFrameworksBuildPhase;
			buildActionMask = 2147483647;
			files = (
			);
			runOnlyForDeploymentPostprocessing = 0;
		};
/* End PBXFrameworksBuildPhase section */

/* Begin PBXGroup section */
		FB0B177F200186CD00428695 /* icons */ = {
			isa = PBXGroup;
			children = (
				FB0B176F200186BD00428695 /* Volume1.png */,
				FB0B1767200186BC00428695 /* Volume1_blk.png */,
				FB0B1769200186BC00428695 /* Volume2.png */,
				FB0B176C200186BD00428695 /* Volume2_blk.png */,
				FB0B176A200186BC00428695 /* Volume3.png */,
				FB0B176D200186BD00428695 /* Volume3_blk.png */,
				FB0B1770200186BD00428695 /* Volume4.png */,
				FB0B176E200186BD00428695 /* Volume4_blk.png */,
				FB0B1771200186BE00428695 /* display_icon.png */,
				FB0B176B200186BC00428695 /* keyboard_icon.png */,
				FB0B1768200186BC00428695 /* keyboard_icon_blk.png */,
				FB0B1772200186BE00428695 /* display_icon_blk.png */,
			);
			path = icons;
			sourceTree = "<group>";
		};
		FB1F54701FC8A432001167C2 = {
			isa = PBXGroup;
			children = (
				FB1F547B1FC8A432001167C2 /* testAPP */,
				FB1F547A1FC8A432001167C2 /* Products */,
			);
			sourceTree = "<group>";
		};
		FB1F547A1FC8A432001167C2 /* Products */ = {
			isa = PBXGroup;
			children = (
				FB1F54791FC8A432001167C2 /* testAPP.app */,
			);
			name = Products;
			sourceTree = "<group>";
		};
		FB1F547B1FC8A432001167C2 /* testAPP */ = {
			isa = PBXGroup;
			children = (
				FB0B177F200186CD00428695 /* icons */,
				FB0B1764200186A500428695 /* AYProgressIndicator.h */,
				FB0B1765200186A500428695 /* AYProgressIndicator.m */,
				FB04E37A1FC8EEB80001A19B /* MDCFullScreenDetector.h */,
				FB04E37B1FC8EEB80001A19B /* MDCFullScreenDetector.m */,
				FB1F547D1FC8A432001167C2 /* AppDelegate.m */,
				FB1F547F1FC8A432001167C2 /* Assets.xcassets */,
				FB1F54811FC8A432001167C2 /* MainMenu.xib */,
				FB1F54841FC8A432001167C2 /* Info.plist */,
				FB1F54851FC8A432001167C2 /* main.m */,
			);
			path = testAPP;
			sourceTree = "<group>";
		};
/* End PBXGroup section */

/* Begin PBXNativeTarget section */
		FB1F54781FC8A432001167C2 /* testAPP */ = {
			isa = PBXNativeTarget;
			buildConfigurationList = FB1F548A1FC8A432001167C2 /* Build configuration list for PBXNativeTarget "testAPP" */;
			buildPhases = (
				FB1F54751FC8A432001167C2 /* Sources */,
				FB1F54761FC8A432001167C2 /* Frameworks */,
				FB1F54771FC8A432001167C2 /* Resources */,
			);
			buildRules = (
			);
			dependencies = (
			);
			name = testAPP;
			productName = testAPP;
			productReference = FB1F54791FC8A432001167C2 /* testAPP.app */;
			productType = "com.apple.product-type.application";
		};
/* End PBXNativeTarget section */

/* Begin PBXProject section */
		FB1F54711FC8A432001167C2 /* Project object */ = {
			isa = PBXProject;
			attributes = {
				LastUpgradeCheck = 1100;
				ORGANIZATIONNAME = "Wolfgang Baird";
				TargetAttributes = {
					FB1F54781FC8A432001167C2 = {
						CreatedOnToolsVersion = 9.0.1;
						ProvisioningStyle = Manual;
						SystemCapabilities = {
							com.apple.Sandbox = {
								enabled = 0;
							};
						};
					};
				};
			};
			buildConfigurationList = FB1F54741FC8A432001167C2 /* Build configuration list for PBXProject "testAPP" */;
			compatibilityVersion = "Xcode 8.0";
			developmentRegion = en;
			hasScannedForEncodings = 0;
			knownRegions = (
				en,
				Base,
			);
			mainGroup = FB1F54701FC8A432001167C2;
			productRefGroup = FB1F547A1FC8A432001167C2 /* Products */;
			projectDirPath = "";
			projectRoot = "";
			targets = (
				FB1F54781FC8A432001167C2 /* testAPP */,
			);
		};
/* End PBXProject section */

/* Begin PBXResourcesBuildPhase section */
		FB1F54771FC8A432001167C2 /* Resources */ = {
			isa = PBXResourcesBuildPhase;
			buildActionMask = 2147483647;
			files = (
				FB0B177D200186BE00428695 /* display_icon.png in Resources */,
				FB0B1773200186BE00428695 /* Volume1_blk.png in Resources */,
				FB0B1774200186BE00428695 /* keyboard_icon_blk.png in Resources */,
				FB0B177C200186BE00428695 /* Volume4.png in Resources */,
				FB0B177B200186BE00428695 /* Volume1.png in Resources */,
				FB0B1777200186BE00428695 /* keyboard_icon.png in Resources */,
				FB1F54801FC8A432001167C2 /* Assets.xcassets in Resources */,
				FB0B1778200186BE00428695 /* Volume2_blk.png in Resources */,
				FB0B1775200186BE00428695 /* Volume2.png in Resources */,
				FB1F54831FC8A432001167C2 /* MainMenu.xib in Resources */,
				FB0B1779200186BE00428695 /* Volume3_blk.png in Resources */,
				FB0B177E200186BE00428695 /* display_icon_blk.png in Resources */,
				FB0B177A200186BE00428695 /* Volume4_blk.png in Resources */,
				FB0B1776200186BE00428695 /* Volume3.png in Resources */,
			);
			runOnlyForDeploymentPostprocessing = 0;
		};
/* End PBXResourcesBuildPhase section */

/* Begin PBXSourcesBuildPhase section */
		FB1F54751FC8A432001167C2 /* Sources */ = {
			isa = PBXSourcesBuildPhase;
			buildActionMask = 2147483647;
			files = (
				FB0B1766200186A600428695 /* AYProgressIndicator.m in Sources */,
				FB1F54861FC8A432001167C2 /* main.m in Sources */,
				FB1F547E1FC8A432001167C2 /* AppDelegate.m in Sources */,
				FB04E37C1FC8EEB80001A19B /* MDCFullScreenDetector.m in Sources */,
			);
			runOnlyForDeploymentPostprocessing = 0;
		};
/* End PBXSourcesBuildPhase section */

/* Begin PBXVariantGroup section */
		FB1F54811FC8A432001167C2 /* MainMenu.xib */ = {
			isa = PBXVariantGroup;
			children = (
				FB1F54821FC8A432001167C2 /* Base */,
			);
			name = MainMenu.xib;
			sourceTree = "<group>";
		};
/* End PBXVariantGroup section */

/* Begin XCBuildConfiguration section */
		FB1F54881FC8A432001167C2 /* Debug */ = {
			isa = XCBuildConfiguration;
			buildSettings = {
				ALWAYS_SEARCH_USER_PATHS = NO;
				CLANG_ANALYZER_NONNULL = YES;
				CLANG_ANALYZER_NUMBER_OBJECT_CONVERSION = YES_AGGRESSIVE;
				CLANG_CXX_LANGUAGE_STANDARD = "gnu++14";
				CLANG_CXX_LIBRARY = "libc++";
				CLANG_ENABLE_MODULES = YES;
				CLANG_ENABLE_OBJC_ARC = YES;
				CLANG_WARN_BLOCK_CAPTURE_AUTORELEASING = YES;
				CLANG_WARN_BOOL_CONVERSION = YES;
				CLANG_WARN_COMMA = YES;
				CLANG_WARN_CONSTANT_CONVERSION = YES;
				CLANG_WARN_DEPRECATED_OBJC_IMPLEMENTATIONS = YES;
				CLANG_WARN_DIRECT_OBJC_ISA_USAGE = YES_ERROR;
				CLANG_WARN_DOCUMENTATION_COMMENTS = YES;
				CLANG_WARN_EMPTY_BODY = YES;
				CLANG_WARN_ENUM_CONVERSION = YES;
				CLANG_WARN_INFINITE_RECURSION = YES;
				CLANG_WARN_INT_CONVERSION = YES;
				CLANG_WARN_NON_LITERAL_NULL_CONVERSION = YES;
				CLANG_WARN_OBJC_IMPLICIT_RETAIN_SELF = YES;
				CLANG_WARN_OBJC_LITERAL_CONVERSION = YES;
				CLANG_WARN_OBJC_ROOT_CLASS = YES_ERROR;
				CLANG_WARN_RANGE_LOOP_ANALYSIS = YES;
				CLANG_WARN_STRICT_PROTOTYPES = YES;
				CLANG_WARN_SUSPICIOUS_MOVE = YES;
				CLANG_WARN_UNGUARDED_AVAILABILITY = YES_AGGRESSIVE;
				CLANG_WARN_UNREACHABLE_CODE = YES;
				CLANG_WARN__DUPLICATE_METHOD_MATCH = YES;
				CODE_SIGN_IDENTITY = "Mac Developer";
				COPY_PHASE_STRIP = NO;
				DEBUG_INFORMATION_FORMAT = dwarf;
				ENABLE_STRICT_OBJC_MSGSEND = YES;
				ENABLE_TESTABILITY = YES;
				GCC_C_LANGUAGE_STANDARD = gnu11;
				GCC_DYNAMIC_NO_PIC = NO;
				GCC_NO_COMMON_BLOCKS = YES;
				GCC_OPTIMIZATION_LEVEL = 0;
				GCC_PREPROCESSOR_DEFINITIONS = (
					"DEBUG=1",
					"$(inherited)",
				);
				GCC_WARN_64_TO_32_BIT_CONVERSION = YES;
				GCC_WARN_ABOUT_RETURN_TYPE = YES_ERROR;
				GCC_WARN_UNDECLARED_SELECTOR = YES;
				GCC_WARN_UNINITIALIZED_AUTOS = YES_AGGRESSIVE;
				GCC_WARN_UNUSED_FUNCTION = YES;
				GCC_WARN_UNUSED_VARIABLE = YES;
				MACOSX_DEPLOYMENT_TARGET = 10.13;
				MTL_ENABLE_DEBUG_INFO = YES;
				ONLY_ACTIVE_ARCH = YES;
				SDKROOT = macosx;
			};
			name = Debug;
		};
		FB1F54891FC8A432001167C2 /* Release */ = {
			isa = XCBuildConfiguration;
			buildSettings = {
				ALWAYS_SEARCH_USER_PATHS = NO;
				CLANG_ANALYZER_NONNULL = YES;
				CLANG_ANALYZER_NUMBER_OBJECT_CONVERSION = YES_AGGRESSIVE;
				CLANG_CXX_LANGUAGE_STANDARD = "gnu++14";
				CLANG_CXX_LIBRARY = "libc++";
				CLANG_ENABLE_MODULES = YES;
				CLANG_ENABLE_OBJC_ARC = YES;
				CLANG_WARN_BLOCK_CAPTURE_AUTORELEASING = YES;
				CLANG_WARN_BOOL_CONVERSION = YES;
				CLANG_WARN_COMMA = YES;
				CLANG_WARN_CONSTANT_CONVERSION = YES;
				CLANG_WARN_DEPRECATED_OBJC_IMPLEMENTATIONS = YES;
				CLANG_WARN_DIRECT_OBJC_ISA_USAGE = YES_ERROR;
				CLANG_WARN_DOCUMENTATION_COMMENTS = YES;
				CLANG_WARN_EMPTY_BODY = YES;
				CLANG_WARN_ENUM_CONVERSION = YES;
				CLANG_WARN_INFINITE_RECURSION = YES;
				CLANG_WARN_INT_CONVERSION = YES;
				CLANG_WARN_NON_LITERAL_NULL_CONVERSION = YES;
				CLANG_WARN_OBJC_IMPLICIT_RETAIN_SELF = YES;
				CLANG_WARN_OBJC_LITERAL_CONVERSION = YES;
				CLANG_WARN_OBJC_ROOT_CLASS = YES_ERROR;
				CLANG_WARN_RANGE_LOOP_ANALYSIS = YES;
				CLANG_WARN_STRICT_PROTOTYPES = YES;
				CLANG_WARN_SUSPICIOUS_MOVE = YES;
				CLANG_WARN_UNGUARDED_AVAILABILITY = YES_AGGRESSIVE;
				CLANG_WARN_UNREACHABLE_CODE = YES;
				CLANG_WARN__DUPLICATE_METHOD_MATCH = YES;
				CODE_SIGN_IDENTITY = "Mac Developer";
				COPY_PHASE_STRIP = NO;
				DEBUG_INFORMATION_FORMAT = "dwarf-with-dsym";
				ENABLE_NS_ASSERTIONS = NO;
				ENABLE_STRICT_OBJC_MSGSEND = YES;
				GCC_C_LANGUAGE_STANDARD = gnu11;
				GCC_NO_COMMON_BLOCKS = YES;
				GCC_WARN_64_TO_32_BIT_CONVERSION = YES;
				GCC_WARN_ABOUT_RETURN_TYPE = YES_ERROR;
				GCC_WARN_UNDECLARED_SELECTOR = YES;
				GCC_WARN_UNINITIALIZED_AUTOS = YES_AGGRESSIVE;
				GCC_WARN_UNUSED_FUNCTION = YES;
				GCC_WARN_UNUSED_VARIABLE = YES;
				MACOSX_DEPLOYMENT_TARGET = 10.13;
				MTL_ENABLE_DEBUG_INFO = NO;
				SDKROOT = macosx;
			};
			name = Release;
		};
		FB1F548B1FC8A432001167C2 /* Debug */ = {
			isa = XCBuildConfiguration;
			buildSettings = {
				ASSETCATALOG_COMPILER_APPICON_NAME = AppIcon;
				CODE_SIGN_IDENTITY = "-";
				CODE_SIGN_INJECT_BASE_ENTITLEMENTS = YES;
				CODE_SIGN_STYLE = Manual;
				COMBINE_HIDPI_IMAGES = YES;
				DEVELOPMENT_TEAM = "";
				INFOPLIST_FILE = testAPP/Info.plist;
				LD_RUNPATH_SEARCH_PATHS = "$(inherited) @executable_path/../Frameworks";
				PRODUCT_BUNDLE_IDENTIFIER = org.w0lf.testAPP;
				PRODUCT_NAME = "$(TARGET_NAME)";
				PROVISIONING_PROFILE_SPECIFIER = "";
			};
			name = Debug;
		};
		FB1F548C1FC8A432001167C2 /* Release */ = {
			isa = XCBuildConfiguration;
			buildSettings = {
				ASSETCATALOG_COMPILER_APPICON_NAME = AppIcon;
				CODE_SIGN_IDENTITY = "-";
				CODE_SIGN_INJECT_BASE_ENTITLEMENTS = YES;
				CODE_SIGN_STYLE = Manual;
				COMBINE_HIDPI_IMAGES = YES;
				DEVELOPMENT_TEAM = "";
				INFOPLIST_FILE = testAPP/Info.plist;
				LD_RUNPATH_SEARCH_PATHS = "$(inherited) @executable_path/../Frameworks";
				PRODUCT_BUNDLE_IDENTIFIER = org.w0lf.testAPP;
				PRODUCT_NAME = "$(TARGET_NAME)";
				PROVISIONING_PROFILE_SPECIFIER = "";
			};
			name = Release;
		};
/* End XCBuildConfiguration section */

/* Begin XCConfigurationList section */
		FB1F54741FC8A432001167C2 /* Build configuration list for PBXProject "testAPP" */ = {
			isa = XCConfigurationList;
			buildConfigurations = (
				FB1F54881FC8A432001167C2 /* Debug */,
				FB1F54891FC8A432001167C2 /* Release */,
			);
			defaultConfigurationIsVisible = 0;
			defaultConfigurationName = Release;
		};
		FB1F548A1FC8A432001167C2 /* Build configuration list for PBXNativeTarget "testAPP" */ = {
			isa = XCConfigurationList;
			buildConfigurations = (
				FB1F548B1FC8A432001167C2 /* Debug */,
				FB1F548C1FC8A432001167C2 /* Release */,
			);
			defaultConfigurationIsVisible = 0;
			defaultConfigurationName = Release;
		};
/* End XCConfigurationList section */
	};
	rootObject = FB1F54711FC8A432001167C2 /* Project object */;
}
