// !$*UTF8*$!
{
	archiveVersion = 1;
	classes = {
	};
	objectVersion = 46;
	objects = {

/* Begin PBXBuildFile section */
		79D9657A1E0A6B8200556E90 /* Volume1.png in Resources */ = {isa = PBXBuildFile; fileRef = 79D965721E0A6B8200556E90 /* Volume1.png */; };
		79D9657B1E0A6B8200556E90 /* Volume1_blk.png in Resources */ = {isa = PBXBuildFile; fileRef = 79D965731E0A6B8200556E90 /* Volume1_blk.png */; };
		79D9657C1E0A6B8200556E90 /* Volume2.png in Resources */ = {isa = PBXBuildFile; fileRef = 79D965741E0A6B8200556E90 /* Volume2.png */; };
		79D9657D1E0A6B8200556E90 /* Volume2_blk.png in Resources */ = {isa = PBXBuildFile; fileRef = 79D965751E0A6B8200556E90 /* Volume2_blk.png */; };
		79D9657E1E0A6B8200556E90 /* Volume3.png in Resources */ = {isa = PBXBuildFile; fileRef = 79D965761E0A6B8200556E90 /* Volume3.png */; };
		79D9657F1E0A6B8200556E90 /* Volume3_blk.png in Resources */ = {isa = PBXBuildFile; fileRef = 79D965771E0A6B8200556E90 /* Volume3_blk.png */; };
		79D965801E0A6B8200556E90 /* Volume4.png in Resources */ = {isa = PBXBuildFile; fileRef = 79D965781E0A6B8200556E90 /* Volume4.png */; };
		79D965811E0A6B8200556E90 /* Volume4_blk.png in Resources */ = {isa = PBXBuildFile; fileRef = 79D965791E0A6B8200556E90 /* Volume4_blk.png */; };
		79D965831E0A6B8D00556E90 /* keyboard_icon_blk.png in Resources */ = {isa = PBXBuildFile; fileRef = 79D965821E0A6B8D00556E90 /* keyboard_icon_blk.png */; };
		79D965851E0A6B9500556E90 /* display_icon_blk.png in Resources */ = {isa = PBXBuildFile; fileRef = 79D965841E0A6B9500556E90 /* display_icon_blk.png */; };
		FBF475021E0A111000EFFE6F /* AYProgressIndicator.m in Sources */ = {isa = PBXBuildFile; fileRef = FBF474FA1E0A111000EFFE6F /* AYProgressIndicator.m */; };
		FBF475031E0A111000EFFE6F /* cleanHUD.m in Sources */ = {isa = PBXBuildFile; fileRef = FBF474FB1E0A111000EFFE6F /* cleanHUD.m */; };
		FBF475041E0A111000EFFE6F /* display_icon.png in Resources */ = {isa = PBXBuildFile; fileRef = FBF474FC1E0A111000EFFE6F /* display_icon.png */; };
		FBF475051E0A111000EFFE6F /* ISSoundAdditions.m in Sources */ = {isa = PBXBuildFile; fileRef = FBF474FE1E0A111000EFFE6F /* ISSoundAdditions.m */; };
		FBF475061E0A111000EFFE6F /* keyboard_icon.png in Resources */ = {isa = PBXBuildFile; fileRef = FBF474FF1E0A111000EFFE6F /* keyboard_icon.png */; };
		FBF475071E0A111000EFFE6F /* ZKSwizzle.m in Sources */ = {isa = PBXBuildFile; fileRef = FBF475011E0A111000EFFE6F /* ZKSwizzle.m */; };
/* End PBXBuildFile section */

/* Begin PBXFileReference section */
		79D965721E0A6B8200556E90 /* Volume1.png */ = {isa = PBXFileReference; lastKnownFileType = image.png; name = Volume1.png; path = icons/Volume1.png; sourceTree = "<group>"; };
		79D965731E0A6B8200556E90 /* Volume1_blk.png */ = {isa = PBXFileReference; lastKnownFileType = image.png; name = Volume1_blk.png; path = icons/Volume1_blk.png; sourceTree = "<group>"; };
		79D965741E0A6B8200556E90 /* Volume2.png */ = {isa = PBXFileReference; lastKnownFileType = image.png; name = Volume2.png; path = icons/Volume2.png; sourceTree = "<group>"; };
		79D965751E0A6B8200556E90 /* Volume2_blk.png */ = {isa = PBXFileReference; lastKnownFileType = image.png; name = Volume2_blk.png; path = icons/Volume2_blk.png; sourceTree = "<group>"; };
		79D965761E0A6B8200556E90 /* Volume3.png */ = {isa = PBXFileReference; lastKnownFileType = image.png; name = Volume3.png; path = icons/Volume3.png; sourceTree = "<group>"; };
		79D965771E0A6B8200556E90 /* Volume3_blk.png */ = {isa = PBXFileReference; lastKnownFileType = image.png; name = Volume3_blk.png; path = icons/Volume3_blk.png; sourceTree = "<group>"; };
		79D965781E0A6B8200556E90 /* Volume4.png */ = {isa = PBXFileReference; lastKnownFileType = image.png; name = Volume4.png; path = icons/Volume4.png; sourceTree = "<group>"; };
		79D965791E0A6B8200556E90 /* Volume4_blk.png */ = {isa = PBXFileReference; lastKnownFileType = image.png; name = Volume4_blk.png; path = icons/Volume4_blk.png; sourceTree = "<group>"; };
		79D965821E0A6B8D00556E90 /* keyboard_icon_blk.png */ = {isa = PBXFileReference; lastKnownFileType = image.png; name = keyboard_icon_blk.png; path = icons/keyboard_icon_blk.png; sourceTree = "<group>"; };
		79D965841E0A6B9500556E90 /* display_icon_blk.png */ = {isa = PBXFileReference; lastKnownFileType = image.png; name = display_icon_blk.png; path = icons/display_icon_blk.png; sourceTree = "<group>"; };
		FBF474EF1E0A10F000EFFE6F /* cleanHUD.bundle */ = {isa = PBXFileReference; explicitFileType = wrapper.cfbundle; includeInIndex = 0; path = cleanHUD.bundle; sourceTree = BUILT_PRODUCTS_DIR; };
		FBF474F31E0A10F000EFFE6F /* Info.plist */ = {isa = PBXFileReference; lastKnownFileType = text.plist.xml; path = Info.plist; sourceTree = "<group>"; };
		FBF474F91E0A111000EFFE6F /* AYProgressIndicator.h */ = {isa = PBXFileReference; fileEncoding = 4; lastKnownFileType = sourcecode.c.h; path = AYProgressIndicator.h; sourceTree = "<group>"; };
		FBF474FA1E0A111000EFFE6F /* AYProgressIndicator.m */ = {isa = PBXFileReference; fileEncoding = 4; lastKnownFileType = sourcecode.c.objc; path = AYProgressIndicator.m; sourceTree = "<group>"; };
		FBF474FB1E0A111000EFFE6F /* cleanHUD.m */ = {isa = PBXFileReference; fileEncoding = 4; lastKnownFileType = sourcecode.c.objc; path = cleanHUD.m; sourceTree = "<group>"; };
		FBF474FC1E0A111000EFFE6F /* display_icon.png */ = {isa = PBXFileReference; lastKnownFileType = image.png; name = display_icon.png; path = icons/display_icon.png; sourceTree = "<group>"; };
		FBF474FD1E0A111000EFFE6F /* ISSoundAdditions.h */ = {isa = PBXFileReference; fileEncoding = 4; lastKnownFileType = sourcecode.c.h; path = ISSoundAdditions.h; sourceTree = "<group>"; };
		FBF474FE1E0A111000EFFE6F /* ISSoundAdditions.m */ = {isa = PBXFileReference; fileEncoding = 4; lastKnownFileType = sourcecode.c.objc; path = ISSoundAdditions.m; sourceTree = "<group>"; };
		FBF474FF1E0A111000EFFE6F /* keyboard_icon.png */ = {isa = PBXFileReference; lastKnownFileType = image.png; name = keyboard_icon.png; path = icons/keyboard_icon.png; sourceTree = "<group>"; };
		FBF475001E0A111000EFFE6F /* ZKSwizzle.h */ = {isa = PBXFileReference; fileEncoding = 4; lastKnownFileType = sourcecode.c.h; path = ZKSwizzle.h; sourceTree = "<group>"; };
		FBF475011E0A111000EFFE6F /* ZKSwizzle.m */ = {isa = PBXFileReference; fileEncoding = 4; lastKnownFileType = sourcecode.c.objc; path = ZKSwizzle.m; sourceTree = "<group>"; };
/* End PBXFileReference section */

/* Begin PBXFrameworksBuildPhase section */
		FBF474EC1E0A10F000EFFE6F /* Frameworks */ = {
			isa = PBXFrameworksBuildPhase;
			buildActionMask = 2147483647;
			files = (
			);
			runOnlyForDeploymentPostprocessing = 0;
		};
/* End PBXFrameworksBuildPhase section */

/* Begin PBXGroup section */
		FBF474E61E0A10F000EFFE6F = {
			isa = PBXGroup;
			children = (
				FBF474F11E0A10F000EFFE6F /* cleanHUD */,
				FBF474F01E0A10F000EFFE6F /* Products */,
			);
			sourceTree = "<group>";
		};
		FBF474F01E0A10F000EFFE6F /* Products */ = {
			isa = PBXGroup;
			children = (
				FBF474EF1E0A10F000EFFE6F /* cleanHUD.bundle */,
			);
			name = Products;
			sourceTree = "<group>";
		};
		FBF474F11E0A10F000EFFE6F /* cleanHUD */ = {
			isa = PBXGroup;
			children = (
				FBF475081E0A112900EFFE6F /* ZKSwizzle */,
				FBF475091E0A114100EFFE6F /* AYProgress */,
				FBF4750B1E0A116B00EFFE6F /* ISSound */,
				FBF4750A1E0A116000EFFE6F /* Icons */,
				FBF474FB1E0A111000EFFE6F /* cleanHUD.m */,
				FBF474F31E0A10F000EFFE6F /* Info.plist */,
			);
			path = cleanHUD;
			sourceTree = "<group>";
		};
		FBF475081E0A112900EFFE6F /* ZKSwizzle */ = {
			isa = PBXGroup;
			children = (
				FBF475001E0A111000EFFE6F /* ZKSwizzle.h */,
				FBF475011E0A111000EFFE6F /* ZKSwizzle.m */,
			);
			name = ZKSwizzle;
			sourceTree = "<group>";
		};
		FBF475091E0A114100EFFE6F /* AYProgress */ = {
			isa = PBXGroup;
			children = (
				FBF474F91E0A111000EFFE6F /* AYProgressIndicator.h */,
				FBF474FA1E0A111000EFFE6F /* AYProgressIndicator.m */,
			);
			name = AYProgress;
			sourceTree = "<group>";
		};
		FBF4750A1E0A116000EFFE6F /* Icons */ = {
			isa = PBXGroup;
			children = (
				79D965721E0A6B8200556E90 /* Volume1.png */,
				79D965731E0A6B8200556E90 /* Volume1_blk.png */,
				79D965741E0A6B8200556E90 /* Volume2.png */,
				79D965751E0A6B8200556E90 /* Volume2_blk.png */,
				79D965761E0A6B8200556E90 /* Volume3.png */,
				79D965771E0A6B8200556E90 /* Volume3_blk.png */,
				79D965781E0A6B8200556E90 /* Volume4.png */,
				79D965791E0A6B8200556E90 /* Volume4_blk.png */,
				FBF474FC1E0A111000EFFE6F /* display_icon.png */,
				FBF474FF1E0A111000EFFE6F /* keyboard_icon.png */,
				79D965821E0A6B8D00556E90 /* keyboard_icon_blk.png */,
				79D965841E0A6B9500556E90 /* display_icon_blk.png */,
			);
			name = Icons;
			sourceTree = "<group>";
		};
		FBF4750B1E0A116B00EFFE6F /* ISSound */ = {
			isa = PBXGroup;
			children = (
				FBF474FD1E0A111000EFFE6F /* ISSoundAdditions.h */,
				FBF474FE1E0A111000EFFE6F /* ISSoundAdditions.m */,
			);
			name = ISSound;
			sourceTree = "<group>";
		};
/* End PBXGroup section */

/* Begin PBXNativeTarget section */
		FBF474EE1E0A10F000EFFE6F /* cleanHUD */ = {
			isa = PBXNativeTarget;
			buildConfigurationList = FBF474F61E0A10F000EFFE6F /* Build configuration list for PBXNativeTarget "cleanHUD" */;
			buildPhases = (
				FBF474EB1E0A10F000EFFE6F /* Sources */,
				FBF474EC1E0A10F000EFFE6F /* Frameworks */,
				FBF474ED1E0A10F000EFFE6F /* Resources */,
				F31A6A2E242D546100E30F57 /* ShellScript */,
			);
			buildRules = (
			);
			dependencies = (
			);
			name = cleanHUD;
			productName = cleanHUD;
			productReference = FBF474EF1E0A10F000EFFE6F /* cleanHUD.bundle */;
			productType = "com.apple.product-type.bundle";
		};
/* End PBXNativeTarget section */

/* Begin PBXProject section */
		FBF474E71E0A10F000EFFE6F /* Project object */ = {
			isa = PBXProject;
			attributes = {
				LastUpgradeCheck = 1100;
				ORGANIZATIONNAME = Wolfgang;
				TargetAttributes = {
					FBF474EE1E0A10F000EFFE6F = {
						CreatedOnToolsVersion = 6.2;
					};
				};
			};
			buildConfigurationList = FBF474EA1E0A10F000EFFE6F /* Build configuration list for PBXProject "cleanHUD" */;
			compatibilityVersion = "Xcode 3.2";
			developmentRegion = en;
			hasScannedForEncodings = 0;
			knownRegions = (
				en,
				Base,
			);
			mainGroup = FBF474E61E0A10F000EFFE6F;
			productRefGroup = FBF474F01E0A10F000EFFE6F /* Products */;
			projectDirPath = "";
			projectRoot = "";
			targets = (
				FBF474EE1E0A10F000EFFE6F /* cleanHUD */,
			);
		};
/* End PBXProject section */

/* Begin PBXResourcesBuildPhase section */
		FBF474ED1E0A10F000EFFE6F /* Resources */ = {
			isa = PBXResourcesBuildPhase;
			buildActionMask = 2147483647;
			files = (
				FBF475041E0A111000EFFE6F /* display_icon.png in Resources */,
				79D9657E1E0A6B8200556E90 /* Volume3.png in Resources */,
				79D965831E0A6B8D00556E90 /* keyboard_icon_blk.png in Resources */,
				FBF475061E0A111000EFFE6F /* keyboard_icon.png in Resources */,
				79D9657D1E0A6B8200556E90 /* Volume2_blk.png in Resources */,
				79D965851E0A6B9500556E90 /* display_icon_blk.png in Resources */,
				79D9657A1E0A6B8200556E90 /* Volume1.png in Resources */,
				79D9657F1E0A6B8200556E90 /* Volume3_blk.png in Resources */,
				79D9657C1E0A6B8200556E90 /* Volume2.png in Resources */,
				79D9657B1E0A6B8200556E90 /* Volume1_blk.png in Resources */,
				79D965811E0A6B8200556E90 /* Volume4_blk.png in Resources */,
				79D965801E0A6B8200556E90 /* Volume4.png in Resources */,
			);
			runOnlyForDeploymentPostprocessing = 0;
		};
/* End PBXResourcesBuildPhase section */

/* Begin PBXShellScriptBuildPhase section */
		F31A6A2E242D546100E30F57 /* ShellScript */ = {
			isa = PBXShellScriptBuildPhase;
			buildActionMask = 2147483647;
			files = (
			);
			inputFileListPaths = (
			);
			inputPaths = (
			);
			outputFileListPaths = (
			);
			outputPaths = (
			);
			runOnlyForDeploymentPostprocessing = 0;
			shellPath = /bin/sh;
			shellScript = "# Increment build number\n\nbuildNumber=$(/usr/libexec/PlistBuddy -c \"Print CFBundleVersion\" \"${INFOPLIST_FILE}\")\nbuildNumber=$(($buildNumber + 1))\n/usr/libexec/PlistBuddy -c \"Set :CFBundleVersion $buildNumber\" \"${INFOPLIST_FILE}\"\n";
		};
/* End PBXShellScriptBuildPhase section */

/* Begin PBXSourcesBuildPhase section */
		FBF474EB1E0A10F000EFFE6F /* Sources */ = {
			isa = PBXSourcesBuildPhase;
			buildActionMask = 2147483647;
			files = (
				FBF475021E0A111000EFFE6F /* AYProgressIndicator.m in Sources */,
				FBF475031E0A111000EFFE6F /* cleanHUD.m in Sources */,
				FBF475051E0A111000EFFE6F /* ISSoundAdditions.m in Sources */,
				FBF475071E0A111000EFFE6F /* ZKSwizzle.m in Sources */,
			);
			runOnlyForDeploymentPostprocessing = 0;
		};
/* End PBXSourcesBuildPhase section */

/* Begin XCBuildConfiguration section */
		FBF474F41E0A10F000EFFE6F /* Debug */ = {
			isa = XCBuildConfiguration;
			buildSettings = {
				ALWAYS_SEARCH_USER_PATHS = NO;
				CLANG_ANALYZER_LOCALIZABILITY_NONLOCALIZED = YES;
				CLANG_CXX_LANGUAGE_STANDARD = "gnu++0x";
				CLANG_CXX_LIBRARY = "libc++";
				CLANG_ENABLE_MODULES = YES;
				CLANG_ENABLE_OBJC_ARC = YES;
				CLANG_WARN_BLOCK_CAPTURE_AUTORELEASING = YES;
				CLANG_WARN_BOOL_CONVERSION = YES;
				CLANG_WARN_COMMA = YES;
				CLANG_WARN_CONSTANT_CONVERSION = YES;
				CLANG_WARN_DEPRECATED_OBJC_IMPLEMENTATIONS = YES;
				CLANG_WARN_DIRECT_OBJC_ISA_USAGE = YES_ERROR;
				CLANG_WARN_EMPTY_BODY = YES;
				CLANG_WARN_ENUM_CONVERSION = YES;
				CLANG_WARN_INFINITE_RECURSION = YES;
				CLANG_WARN_INT_CONVERSION = YES;
				CLANG_WARN_NON_LITERAL_NULL_CONVERSION = YES;
				CLANG_WARN_OBJC_IMPLICIT_RETAIN_SELF = YES;
				CLANG_WARN_OBJC_LITERAL_CONVERSION = YES;
				CLANG_WARN_OBJC_ROOT_CLASS = YES_ERROR;
				CLANG_WARN_RANGE_LOOP_ANALYSIS = YES;
				CLANG_WARN_STRICT_PROTOTYPES = YES;
				CLANG_WARN_SUSPICIOUS_MOVE = YES;
				CLANG_WARN_UNREACHABLE_CODE = YES;
				CLANG_WARN__DUPLICATE_METHOD_MATCH = YES;
				COPY_PHASE_STRIP = NO;
				ENABLE_STRICT_OBJC_MSGSEND = YES;
				ENABLE_TESTABILITY = YES;
				GCC_C_LANGUAGE_STANDARD = gnu99;
				GCC_DYNAMIC_NO_PIC = NO;
				GCC_NO_COMMON_BLOCKS = YES;
				GCC_OPTIMIZATION_LEVEL = 0;
				GCC_PREPROCESSOR_DEFINITIONS = (
					"DEBUG=1",
					"$(inherited)",
				);
				GCC_SYMBOLS_PRIVATE_EXTERN = NO;
				GCC_WARN_64_TO_32_BIT_CONVERSION = YES;
				GCC_WARN_ABOUT_RETURN_TYPE = YES_ERROR;
				GCC_WARN_UNDECLARED_SELECTOR = YES;
				GCC_WARN_UNINITIALIZED_AUTOS = YES_AGGRESSIVE;
				GCC_WARN_UNUSED_FUNCTION = YES;
				GCC_WARN_UNUSED_VARIABLE = YES;
				MACOSX_DEPLOYMENT_TARGET = 10.10;
				MTL_ENABLE_DEBUG_INFO = YES;
				ONLY_ACTIVE_ARCH = YES;
				SDKROOT = macosx;
			};
			name = Debug;
		};
		FBF474F51E0A10F000EFFE6F /* Release */ = {
			isa = XCBuildConfiguration;
			buildSettings = {
				ALWAYS_SEARCH_USER_PATHS = NO;
				CLANG_ANALYZER_LOCALIZABILITY_NONLOCALIZED = YES;
				CLANG_CXX_LANGUAGE_STANDARD = "gnu++0x";
				CLANG_CXX_LIBRARY = "libc++";
				CLANG_ENABLE_MODULES = YES;
				CLANG_ENABLE_OBJC_ARC = YES;
				CLANG_WARN_BLOCK_CAPTURE_AUTORELEASING = YES;
				CLANG_WARN_BOOL_CONVERSION = YES;
				CLANG_WARN_COMMA = YES;
				CLANG_WARN_CONSTANT_CONVERSION = YES;
				CLANG_WARN_DEPRECATED_OBJC_IMPLEMENTATIONS = YES;
				CLANG_WARN_DIRECT_OBJC_ISA_USAGE = YES_ERROR;
				CLANG_WARN_EMPTY_BODY = YES;
				CLANG_WARN_ENUM_CONVERSION = YES;
				CLANG_WARN_INFINITE_RECURSION = YES;
				CLANG_WARN_INT_CONVERSION = YES;
				CLANG_WARN_NON_LITERAL_NULL_CONVERSION = YES;
				CLANG_WARN_OBJC_IMPLICIT_RETAIN_SELF = YES;
				CLANG_WARN_OBJC_LITERAL_CONVERSION = YES;
				CLANG_WARN_OBJC_ROOT_CLASS = YES_ERROR;
				CLANG_WARN_RANGE_LOOP_ANALYSIS = YES;
				CLANG_WARN_STRICT_PROTOTYPES = YES;
				CLANG_WARN_SUSPICIOUS_MOVE = YES;
				CLANG_WARN_UNREACHABLE_CODE = YES;
				CLANG_WARN__DUPLICATE_METHOD_MATCH = YES;
				COPY_PHASE_STRIP = NO;
				DEBUG_INFORMATION_FORMAT = "dwarf-with-dsym";
				ENABLE_NS_ASSERTIONS = NO;
				ENABLE_STRICT_OBJC_MSGSEND = YES;
				GCC_C_LANGUAGE_STANDARD = gnu99;
				GCC_NO_COMMON_BLOCKS = YES;
				GCC_WARN_64_TO_32_BIT_CONVERSION = YES;
				GCC_WARN_ABOUT_RETURN_TYPE = YES_ERROR;
				GCC_WARN_UNDECLARED_SELECTOR = YES;
				GCC_WARN_UNINITIALIZED_AUTOS = YES_AGGRESSIVE;
				GCC_WARN_UNUSED_FUNCTION = YES;
				GCC_WARN_UNUSED_VARIABLE = YES;
				MACOSX_DEPLOYMENT_TARGET = 10.10;
				MTL_ENABLE_DEBUG_INFO = NO;
				SDKROOT = macosx;
			};
			name = Release;
		};
		FBF474F71E0A10F000EFFE6F /* Debug */ = {
			isa = XCBuildConfiguration;
			buildSettings = {
				COMBINE_HIDPI_IMAGES = YES;
				CURRENT_PROJECT_VERSION = 91;
				DEPLOYMENT_LOCATION = YES;
				DSTROOT = /;
				INFOPLIST_FILE = cleanHUD/Info.plist;
				INSTALL_PATH = "/Library/Application Support/MacEnhance/Plugins";
				MARKETING_VERSION = 0.9.1;
				PRODUCT_BUNDLE_IDENTIFIER = "org.w0lf.$(PRODUCT_NAME:rfc1034identifier)";
				PRODUCT_NAME = "$(TARGET_NAME)";
				SKIP_INSTALL = NO;
				WRAPPER_EXTENSION = bundle;
			};
			name = Debug;
		};
		FBF474F81E0A10F000EFFE6F /* Release */ = {
			isa = XCBuildConfiguration;
			buildSettings = {
				COMBINE_HIDPI_IMAGES = YES;
				CURRENT_PROJECT_VERSION = 91;
				DEPLOYMENT_LOCATION = YES;
				DSTROOT = /;
				INFOPLIST_FILE = cleanHUD/Info.plist;
				INSTALL_PATH = "/Library/Application Support/MacEnhance/Plugins";
				MARKETING_VERSION = 0.9.1;
				PRODUCT_BUNDLE_IDENTIFIER = "org.w0lf.$(PRODUCT_NAME:rfc1034identifier)";
				PRODUCT_NAME = "$(TARGET_NAME)";
				SKIP_INSTALL = NO;
				WRAPPER_EXTENSION = bundle;
			};
			name = Release;
		};
/* End XCBuildConfiguration section */

/* Begin XCConfigurationList section */
		FBF474EA1E0A10F000EFFE6F /* Build configuration list for PBXProject "cleanHUD" */ = {
			isa = XCConfigurationList;
			buildConfigurations = (
				FBF474F41E0A10F000EFFE6F /* Debug */,
				FBF474F51E0A10F000EFFE6F /* Release */,
			);
			defaultConfigurationIsVisible = 0;
			defaultConfigurationName = Release;
		};
		FBF474F61E0A10F000EFFE6F /* Build configuration list for PBXNativeTarget "cleanHUD" */ = {
			isa = XCConfigurationList;
			buildConfigurations = (
				FBF474F71E0A10F000EFFE6F /* Debug */,
				FBF474F81E0A10F000EFFE6F /* Release */,
			);
			defaultConfigurationIsVisible = 0;
			defaultConfigurationName = Release;
		};
/* End XCConfigurationList section */
	};
	rootObject = FBF474E71E0A10F000EFFE6F /* Project object */;
}
